
Microsoft Visual Studio Solution File, Format Version 12.00
# Visual Studio Version 17
VisualStudioVersion = 17.6.33829.357
MinimumVisualStudioVersion = 10.0.40219.1
Project("{FAE04EC0-301F-11D3-BF4B-00C04F79EFBC}") = "VncSharp", "VncSharp\VncSharp.csproj", "{E0695F0F-0FAF-44BC-AE55-A1FCBFE70271}"
EndProject
Project("{E09DD79A-4488-4AB9-8D3F-A7EEE78BF432}") = "VncSharp.Nuget", "VncSharp.Nuget\VncSharp.Nuget.nuproj", "{73E83646-1D53-4DEC-950A-A48559E438E8}"
EndProject
Project("{9A19103F-16F7-4668-BE54-9A1E7A4F7556}") = "VncSharp6", "VncSharp\VncSharp6.csproj", "{D42F465C-9422-48EB-9114-3ACBE32CC0E0}"
EndProject
Project("{FAE04EC0-301F-11D3-BF4B-00C04F79EFBC}") = "VncSharp.WPF", "VncSharp.WPF\VncSharp.WPF.csproj", "{A816B5C9-5525-4038-A9A9-5CE8592E1836}"
EndProject
Global
	GlobalSection(SolutionConfigurationPlatforms) = preSolution
		Debug|Any CPU = Debug|Any CPU
		Release|Any CPU = Release|Any CPU
	EndGlobalSection
	GlobalSection(ProjectConfigurationPlatforms) = postSolution
		{E0695F0F-0FAF-44BC-AE55-A1FCBFE70271}.Debug|Any CPU.ActiveCfg = Debug|Any CPU
		{E0695F0F-0FAF-44BC-AE55-A1FCBFE70271}.Debug|Any CPU.Build.0 = Debug|Any CPU
		{E0695F0F-0FAF-44BC-AE55-A1FCBFE70271}.Release|Any CPU.ActiveCfg = Release|Any CPU
		{E0695F0F-0FAF-44BC-AE55-A1FCBFE70271}.Release|Any CPU.Build.0 = Release|Any CPU
		{73E83646-1D53-4DEC-950A-A48559E438E8}.Debug|Any CPU.ActiveCfg = Debug|Any CPU
		{73E83646-1D53-4DEC-950A-A48559E438E8}.Debug|Any CPU.Build.0 = Debug|Any CPU
		{73E83646-1D53-4DEC-950A-A48559E438E8}.Release|Any CPU.ActiveCfg = Release|Any CPU
		{73E83646-1D53-4DEC-950A-A48559E438E8}.Release|Any CPU.Build.0 = Release|Any CPU
		{D42F465C-9422-48EB-9114-3ACBE32CC0E0}.Debug|Any CPU.ActiveCfg = Debug|Any CPU
		{D42F465C-9422-48EB-9114-3ACBE32CC0E0}.Debug|Any CPU.Build.0 = Debug|Any CPU
		{D42F465C-9422-48EB-9114-3ACBE32CC0E0}.Release|Any CPU.ActiveCfg = Release|Any CPU
		{D42F465C-9422-48EB-9114-3ACBE32CC0E0}.Release|Any CPU.Build.0 = Release|Any CPU
		{A816B5C9-5525-4038-A9A9-5CE8592E1836}.Debug|Any CPU.ActiveCfg = Debug|Any CPU
		{A816B5C9-5525-4038-A9A9-5CE8592E1836}.Debug|Any CPU.Build.0 = Debug|Any CPU
		{A816B5C9-5525-4038-A9A9-5CE8592E1836}.Release|Any CPU.ActiveCfg = Release|Any CPU
		{A816B5C9-5525-4038-A9A9-5CE8592E1836}.Release|Any CPU.Build.0 = Release|Any CPU
	EndGlobalSection
	GlobalSection(SolutionProperties) = preSolution
		HideSolutionNode = FALSE
	EndGlobalSection
	GlobalSection(ExtensibilityGlobals) = postSolution
		SolutionGuid = {6B073D21-9EC4-42AE-90F3-ABED915D7F12}
	EndGlobalSection
EndGlobal
